
Microsoft Visual Studio Solution File, Format Version 12.00
# Visual Studio Version 17
VisualStudioVersion = 17.8.34309.116
MinimumVisualStudioVersion = 10.0.40219.1
Project("{FAE04EC0-301F-11D3-BF4B-00C04F79EFBC}") = "4", "4.csproj", "{94BB15F9-9FDB-45AB-B9CC-0B9F38C6867A}"
EndProject
Global
	GlobalSection(SolutionConfigurationPlatforms) = preSolution
		Debug|Any CPU = Debug|Any CPU
		Release|Any CPU = Release|Any CPU
	EndGlobalSection
	GlobalSection(ProjectConfigurationPlatforms) = postSolution
		{94BB15F9-9FDB-45AB-B9CC-0B9F38C6867A}.Debug|Any CPU.ActiveCfg = Debug|Any CPU
		{94BB15F9-9FDB-45AB-B9CC-0B9F38C6867A}.Debug|Any CPU.Build.0 = Debug|Any CPU
		{94BB15F9-9FDB-45AB-B9CC-0B9F38C6867A}.Release|Any CPU.ActiveCfg = Release|Any CPU
		{94BB15F9-9FDB-45AB-B9CC-0B9F38C6867A}.Release|Any CPU.Build.0 = Release|Any CPU
	EndGlobalSection
	GlobalSection(SolutionProperties) = preSolution
		HideSolutionNode = FALSE
	EndGlobalSection
	GlobalSection(ExtensibilityGlobals) = postSolution
		SolutionGuid = {C7FF95FF-A55F-4506-AC39-0D1327646FCD}
	EndGlobalSection
EndGlobal
