
Microsoft Visual Studio Solution File, Format Version 12.00
# Visual Studio Version 17
VisualStudioVersion = 17.8.34309.116
MinimumVisualStudioVersion = 10.0.40219.1
Project("{FAE04EC0-301F-11D3-BF4B-00C04F79EFBC}") = "3", "3.csproj", "{20E7FA1F-99DF-4794-81F1-D4CF49F77829}"
EndProject
Global
	GlobalSection(SolutionConfigurationPlatforms) = preSolution
		Debug|Any CPU = Debug|Any CPU
		Release|Any CPU = Release|Any CPU
	EndGlobalSection
	GlobalSection(ProjectConfigurationPlatforms) = postSolution
		{20E7FA1F-99DF-4794-81F1-D4CF49F77829}.Debug|Any CPU.ActiveCfg = Debug|Any CPU
		{20E7FA1F-99DF-4794-81F1-D4CF49F77829}.Debug|Any CPU.Build.0 = Debug|Any CPU
		{20E7FA1F-99DF-4794-81F1-D4CF49F77829}.Release|Any CPU.ActiveCfg = Release|Any CPU
		{20E7FA1F-99DF-4794-81F1-D4CF49F77829}.Release|Any CPU.Build.0 = Release|Any CPU
	EndGlobalSection
	GlobalSection(SolutionProperties) = preSolution
		HideSolutionNode = FALSE
	EndGlobalSection
	GlobalSection(ExtensibilityGlobals) = postSolution
		SolutionGuid = {3A7E4F6C-C4D8-45F9-9E2A-C8DE79898D1C}
	EndGlobalSection
EndGlobal
